
Microsoft Visual Studio Solution File, Format Version 12.00
# Visual Studio Version 16
VisualStudioVersion = 16.0.31112.23
MinimumVisualStudioVersion = 10.0.40219.1
Project("{FAE04EC0-301F-11D3-BF4B-00C04F79EFBC}") = "GroupTestProject", "GroupTestProject\GroupTestProject.csproj", "{7A72B4A7-6A49-4036-A2C0-6EE1C2F1534F}"
EndProject
Global
	GlobalSection(SolutionConfigurationPlatforms) = preSolution
		Debug|Any CPU = Debug|Any CPU
		Release|Any CPU = Release|Any CPU
	EndGlobalSection
	GlobalSection(ProjectConfigurationPlatforms) = postSolution
		{7A72B4A7-6A49-4036-A2C0-6EE1C2F1534F}.Debug|Any CPU.ActiveCfg = Debug|Any CPU
		{7A72B4A7-6A49-4036-A2C0-6EE1C2F1534F}.Debug|Any CPU.Build.0 = Debug|Any CPU
		{7A72B4A7-6A49-4036-A2C0-6EE1C2F1534F}.Release|Any CPU.ActiveCfg = Release|Any CPU
		{7A72B4A7-6A49-4036-A2C0-6EE1C2F1534F}.Release|Any CPU.Build.0 = Release|Any CPU
	EndGlobalSection
	GlobalSection(SolutionProperties) = preSolution
		HideSolutionNode = FALSE
	EndGlobalSection
	GlobalSection(ExtensibilityGlobals) = postSolution
		SolutionGuid = {481F3D56-A8EE-4015-8B0C-507C74636319}
	EndGlobalSection
EndGlobal
